
Microsoft Visual Studio Solution File, Format Version 12.00
# Visual Studio Version 17
VisualStudioVersion = 17.0.32112.339
MinimumVisualStudioVersion = 10.0.40219.1
Project("{FAE04EC0-301F-11D3-BF4B-00C04F79EFBC}") = "Projet", "Projet.csproj", "{561FD2FC-5F3F-4446-8C01-8D565DC035AE}"
EndProject
Global
	GlobalSection(SolutionConfigurationPlatforms) = preSolution
		Debug|Any CPU = Debug|Any CPU
		Release|Any CPU = Release|Any CPU
	EndGlobalSection
	GlobalSection(ProjectConfigurationPlatforms) = postSolution
		{561FD2FC-5F3F-4446-8C01-8D565DC035AE}.Debug|Any CPU.ActiveCfg = Debug|Any CPU
		{561FD2FC-5F3F-4446-8C01-8D565DC035AE}.Debug|Any CPU.Build.0 = Debug|Any CPU
		{561FD2FC-5F3F-4446-8C01-8D565DC035AE}.Release|Any CPU.ActiveCfg = Release|Any CPU
		{561FD2FC-5F3F-4446-8C01-8D565DC035AE}.Release|Any CPU.Build.0 = Release|Any CPU
	EndGlobalSection
	GlobalSection(SolutionProperties) = preSolution
		HideSolutionNode = FALSE
	EndGlobalSection
	GlobalSection(ExtensibilityGlobals) = postSolution
		SolutionGuid = {DA506C9D-9CD0-45EB-A09A-2ECA3FE40CC3}
	EndGlobalSection
EndGlobal
